
Microsoft Visual Studio Solution File, Format Version 12.00
Project("{FAE04EC0-301F-11D3-BF4B-00C04F79EFBC}") = "ToDoIt.Server", "ToDoIt.Server\ToDoIt.Server.csproj", "{F809507E-7019-4DDA-971A-0A3D83F14C15}"
EndProject
Project("{FAE04EC0-301F-11D3-BF4B-00C04F79EFBC}") = "ToDoIt.Web", "ToDoIt.Web\ToDoIt.Web.csproj", "{A43654D6-0779-45C0-8C57-3289FE20F89E}"
EndProject
Global
	GlobalSection(SolutionConfigurationPlatforms) = preSolution
		Debug|Any CPU = Debug|Any CPU
		Release|Any CPU = Release|Any CPU
	EndGlobalSection
	GlobalSection(ProjectConfigurationPlatforms) = postSolution
		{F809507E-7019-4DDA-971A-0A3D83F14C15}.Debug|Any CPU.ActiveCfg = Debug|Any CPU
		{F809507E-7019-4DDA-971A-0A3D83F14C15}.Debug|Any CPU.Build.0 = Debug|Any CPU
		{F809507E-7019-4DDA-971A-0A3D83F14C15}.Release|Any CPU.ActiveCfg = Release|Any CPU
		{F809507E-7019-4DDA-971A-0A3D83F14C15}.Release|Any CPU.Build.0 = Release|Any CPU
		{A43654D6-0779-45C0-8C57-3289FE20F89E}.Debug|Any CPU.ActiveCfg = Debug|Any CPU
		{A43654D6-0779-45C0-8C57-3289FE20F89E}.Debug|Any CPU.Build.0 = Debug|Any CPU
		{A43654D6-0779-45C0-8C57-3289FE20F89E}.Release|Any CPU.ActiveCfg = Release|Any CPU
		{A43654D6-0779-45C0-8C57-3289FE20F89E}.Release|Any CPU.Build.0 = Release|Any CPU
	EndGlobalSection
EndGlobal
